
Microsoft Visual Studio Solution File, Format Version 12.00
# Visual Studio Version 17
VisualStudioVersion = 17.1.32421.90
MinimumVisualStudioVersion = 10.0.40219.1
Project("{FAE04EC0-301F-11D3-BF4B-00C04F79EFBC}") = "HomeWork_5", "HomeWork_5.csproj", "{513C491C-6EE8-4F2C-B158-C220023F33AD}"
EndProject
Global
	GlobalSection(SolutionConfigurationPlatforms) = preSolution
		Debug|Any CPU = Debug|Any CPU
		Release|Any CPU = Release|Any CPU
	EndGlobalSection
	GlobalSection(ProjectConfigurationPlatforms) = postSolution
		{513C491C-6EE8-4F2C-B158-C220023F33AD}.Debug|Any CPU.ActiveCfg = Debug|Any CPU
		{513C491C-6EE8-4F2C-B158-C220023F33AD}.Debug|Any CPU.Build.0 = Debug|Any CPU
		{513C491C-6EE8-4F2C-B158-C220023F33AD}.Release|Any CPU.ActiveCfg = Release|Any CPU
		{513C491C-6EE8-4F2C-B158-C220023F33AD}.Release|Any CPU.Build.0 = Release|Any CPU
	EndGlobalSection
	GlobalSection(SolutionProperties) = preSolution
		HideSolutionNode = FALSE
	EndGlobalSection
	GlobalSection(ExtensibilityGlobals) = postSolution
		SolutionGuid = {A9539688-B956-4160-87E9-07B7E71D4835}
	EndGlobalSection
EndGlobal
